
Microsoft Visual Studio Solution File, Format Version 12.00
# Visual Studio Version 16
VisualStudioVersion = 16.0.31205.134
MinimumVisualStudioVersion = 10.0.40219.1
Project("{9A19103F-16F7-4668-BE54-9A1E7A4F7556}") = "ConcurrentWorkChannels", "ConcurrentWorkChannels\ConcurrentWorkChannels.csproj", "{5B57C4AF-38C8-4150-B71B-5E8E126CFC8C}"
EndProject
Project("{2150E333-8FDC-42A3-9474-1A3956D46DE8}") = "Solution Items", "Solution Items", "{9BF19A82-89B8-4398-BB77-9253A824FFA6}"
	ProjectSection(SolutionItems) = preProject
		README.md = README.md
	EndProjectSection
EndProject
Project("{2150E333-8FDC-42A3-9474-1A3956D46DE8}") = "Source", "Source", "{63222809-3FF5-42D6-A3CC-A42ED0B18D54}"
EndProject
Project("{2150E333-8FDC-42A3-9474-1A3956D46DE8}") = "Channels", "Channels", "{8EFDC61A-3024-48D9-81D4-765A839B77F0}"
EndProject
Project("{2150E333-8FDC-42A3-9474-1A3956D46DE8}") = "gRPCStream", "gRPCStream", "{D8807381-27ED-46B9-B770-9F6737773493}"
EndProject
Project("{9A19103F-16F7-4668-BE54-9A1E7A4F7556}") = "ConcurrentWorkGrpc.Contracts", "ConcurrentWorkGrpc.Contracts\ConcurrentWorkGrpc.Contracts.csproj", "{C0C21B43-7273-4DEA-9762-4B2E7FD883AF}"
EndProject
Project("{9A19103F-16F7-4668-BE54-9A1E7A4F7556}") = "ConcurrentWorkGrpc.Driver", "ConcurrentWorkGrpc.Driver\ConcurrentWorkGrpc.Driver.csproj", "{E30B7366-89BB-434D-ACA0-EF9DB6526A50}"
EndProject
Project("{FAE04EC0-301F-11D3-BF4B-00C04F79EFBC}") = "ConcurrentWorkGrpc.Receiver", "ConcurrentWorkGrpc.Receiver\ConcurrentWorkGrpc.Receiver.csproj", "{E2FABCFA-7DCD-47F2-996E-07CA08495B9A}"
EndProject
Project("{FAE04EC0-301F-11D3-BF4B-00C04F79EFBC}") = "ConcurrentWorkGrpc.Sender", "ConcurrentWorkGrpc.Sender\ConcurrentWorkGrpc.Sender.csproj", "{31339E9F-5888-4E88-9BCE-78FB4D9FB62B}"
EndProject
Global
	GlobalSection(SolutionConfigurationPlatforms) = preSolution
		Debug|Any CPU = Debug|Any CPU
		Release|Any CPU = Release|Any CPU
	EndGlobalSection
	GlobalSection(ProjectConfigurationPlatforms) = postSolution
		{5B57C4AF-38C8-4150-B71B-5E8E126CFC8C}.Debug|Any CPU.ActiveCfg = Debug|Any CPU
		{5B57C4AF-38C8-4150-B71B-5E8E126CFC8C}.Debug|Any CPU.Build.0 = Debug|Any CPU
		{5B57C4AF-38C8-4150-B71B-5E8E126CFC8C}.Release|Any CPU.ActiveCfg = Release|Any CPU
		{5B57C4AF-38C8-4150-B71B-5E8E126CFC8C}.Release|Any CPU.Build.0 = Release|Any CPU
		{C0C21B43-7273-4DEA-9762-4B2E7FD883AF}.Debug|Any CPU.ActiveCfg = Debug|Any CPU
		{C0C21B43-7273-4DEA-9762-4B2E7FD883AF}.Debug|Any CPU.Build.0 = Debug|Any CPU
		{C0C21B43-7273-4DEA-9762-4B2E7FD883AF}.Release|Any CPU.ActiveCfg = Release|Any CPU
		{C0C21B43-7273-4DEA-9762-4B2E7FD883AF}.Release|Any CPU.Build.0 = Release|Any CPU
		{E30B7366-89BB-434D-ACA0-EF9DB6526A50}.Debug|Any CPU.ActiveCfg = Debug|Any CPU
		{E30B7366-89BB-434D-ACA0-EF9DB6526A50}.Debug|Any CPU.Build.0 = Debug|Any CPU
		{E30B7366-89BB-434D-ACA0-EF9DB6526A50}.Release|Any CPU.ActiveCfg = Release|Any CPU
		{E30B7366-89BB-434D-ACA0-EF9DB6526A50}.Release|Any CPU.Build.0 = Release|Any CPU
		{E2FABCFA-7DCD-47F2-996E-07CA08495B9A}.Debug|Any CPU.ActiveCfg = Debug|Any CPU
		{E2FABCFA-7DCD-47F2-996E-07CA08495B9A}.Debug|Any CPU.Build.0 = Debug|Any CPU
		{E2FABCFA-7DCD-47F2-996E-07CA08495B9A}.Release|Any CPU.ActiveCfg = Release|Any CPU
		{E2FABCFA-7DCD-47F2-996E-07CA08495B9A}.Release|Any CPU.Build.0 = Release|Any CPU
		{31339E9F-5888-4E88-9BCE-78FB4D9FB62B}.Debug|Any CPU.ActiveCfg = Debug|Any CPU
		{31339E9F-5888-4E88-9BCE-78FB4D9FB62B}.Debug|Any CPU.Build.0 = Debug|Any CPU
		{31339E9F-5888-4E88-9BCE-78FB4D9FB62B}.Release|Any CPU.ActiveCfg = Release|Any CPU
		{31339E9F-5888-4E88-9BCE-78FB4D9FB62B}.Release|Any CPU.Build.0 = Release|Any CPU
	EndGlobalSection
	GlobalSection(SolutionProperties) = preSolution
		HideSolutionNode = FALSE
	EndGlobalSection
	GlobalSection(NestedProjects) = preSolution
		{5B57C4AF-38C8-4150-B71B-5E8E126CFC8C} = {8EFDC61A-3024-48D9-81D4-765A839B77F0}
		{8EFDC61A-3024-48D9-81D4-765A839B77F0} = {63222809-3FF5-42D6-A3CC-A42ED0B18D54}
		{D8807381-27ED-46B9-B770-9F6737773493} = {63222809-3FF5-42D6-A3CC-A42ED0B18D54}
		{C0C21B43-7273-4DEA-9762-4B2E7FD883AF} = {D8807381-27ED-46B9-B770-9F6737773493}
		{E30B7366-89BB-434D-ACA0-EF9DB6526A50} = {D8807381-27ED-46B9-B770-9F6737773493}
		{E2FABCFA-7DCD-47F2-996E-07CA08495B9A} = {D8807381-27ED-46B9-B770-9F6737773493}
		{31339E9F-5888-4E88-9BCE-78FB4D9FB62B} = {D8807381-27ED-46B9-B770-9F6737773493}
	EndGlobalSection
	GlobalSection(ExtensibilityGlobals) = postSolution
		SolutionGuid = {A3FAF3CA-98A4-42D3-BABE-BA5637A24E29}
	EndGlobalSection
EndGlobal
